// !$*UTF8*$!
{
	archiveVersion = 1;
	classes = {
	};
	objectVersion = 56;
	objects = {

/* Begin PBXBuildFile section */
		E85D7D482C6A1B61002466CB /* AppDelegate.swift in Sources */ = {isa = PBXBuildFile; fileRef = E85D7D472C6A1B61002466CB /* AppDelegate.swift */; };
		E85D7D4A2C6A1B61002466CB /* SceneDelegate.swift in Sources */ = {isa = PBXBuildFile; fileRef = E85D7D492C6A1B61002466CB /* SceneDelegate.swift */; };
		E85D7D4C2C6A1B61002466CB /* ViewController.swift in Sources */ = {isa = PBXBuildFile; fileRef = E85D7D4B2C6A1B61002466CB /* ViewController.swift */; };
		E85D7D4F2C6A1B61002466CB /* Base in Resources */ = {isa = PBXBuildFile; fileRef = E85D7D4E2C6A1B61002466CB /* Base */; };
		E85D7D512C6A1B62002466CB /* Assets.xcassets in Resources */ = {isa = PBXBuildFile; fileRef = E85D7D502C6A1B62002466CB /* Assets.xcassets */; };
		E85D7D542C6A1B62002466CB /* Base in Resources */ = {isa = PBXBuildFile; fileRef = E85D7D532C6A1B62002466CB /* Base */; };
		E85D7D5F2C6A1B62002466CB /* FirebaseUITestTests.swift in Sources */ = {isa = PBXBuildFile; fileRef = E85D7D5E2C6A1B62002466CB /* FirebaseUITestTests.swift */; };
		E85D7D692C6A1B62002466CB /* FirebaseUITestUITests.swift in Sources */ = {isa = PBXBuildFile; fileRef = E85D7D682C6A1B62002466CB /* FirebaseUITestUITests.swift */; };
		E85D7D6B2C6A1B62002466CB /* FirebaseUITestUITestsLaunchTests.swift in Sources */ = {isa = PBXBuildFile; fileRef = E85D7D6A2C6A1B62002466CB /* FirebaseUITestUITestsLaunchTests.swift */; };
		E85D7D792C6A1B87002466CB /* FirebaseAuth in Frameworks */ = {isa = PBXBuildFile; productRef = E85D7D782C6A1B87002466CB /* FirebaseAuth */; };
		E85D7D7C2C6A1BB2002466CB /* FirebaseAuthUI in Frameworks */ = {isa = PBXBuildFile; productRef = E85D7D7B2C6A1BB2002466CB /* FirebaseAuthUI */; };
		E85D7D7E2C6A1BB2002466CB /* FirebaseEmailAuthUI in Frameworks */ = {isa = PBXBuildFile; productRef = E85D7D7D2C6A1BB2002466CB /* FirebaseEmailAuthUI */; };
		E85D7D802C6A1BB2002466CB /* FirebaseGoogleAuthUI in Frameworks */ = {isa = PBXBuildFile; productRef = E85D7D7F2C6A1BB2002466CB /* FirebaseGoogleAuthUI */; };
		E85D7D822C6A1BB2002466CB /* FirebaseOAuthUI in Frameworks */ = {isa = PBXBuildFile; productRef = E85D7D812C6A1BB2002466CB /* FirebaseOAuthUI */; };
/* End PBXBuildFile section */

/* Begin PBXContainerItemProxy section */
		E85D7D5B2C6A1B62002466CB /* PBXContainerItemProxy */ = {
			isa = PBXContainerItemProxy;
			containerPortal = E85D7D3C2C6A1B61002466CB /* Project object */;
			proxyType = 1;
			remoteGlobalIDString = E85D7D432C6A1B61002466CB;
			remoteInfo = FirebaseUITest;
		};
		E85D7D652C6A1B62002466CB /* PBXContainerItemProxy */ = {
			isa = PBXContainerItemProxy;
			containerPortal = E85D7D3C2C6A1B61002466CB /* Project object */;
			proxyType = 1;
			remoteGlobalIDString = E85D7D432C6A1B61002466CB;
			remoteInfo = FirebaseUITest;
		};
/* End PBXContainerItemProxy section */

/* Begin PBXFileReference section */
		E85D7D442C6A1B61002466CB /* FirebaseUITest.app */ = {isa = PBXFileReference; explicitFileType = wrapper.application; includeInIndex = 0; path = FirebaseUITest.app; sourceTree = BUILT_PRODUCTS_DIR; };
		E85D7D472C6A1B61002466CB /* AppDelegate.swift */ = {isa = PBXFileReference; lastKnownFileType = sourcecode.swift; path = AppDelegate.swift; sourceTree = "<group>"; };
		E85D7D492C6A1B61002466CB /* SceneDelegate.swift */ = {isa = PBXFileReference; lastKnownFileType = sourcecode.swift; path = SceneDelegate.swift; sourceTree = "<group>"; };
		E85D7D4B2C6A1B61002466CB /* ViewController.swift */ = {isa = PBXFileReference; lastKnownFileType = sourcecode.swift; path = ViewController.swift; sourceTree = "<group>"; };
		E85D7D4E2C6A1B61002466CB /* Base */ = {isa = PBXFileReference; lastKnownFileType = file.storyboard; name = Base; path = Base.lproj/Main.storyboard; sourceTree = "<group>"; };
		E85D7D502C6A1B62002466CB /* Assets.xcassets */ = {isa = PBXFileReference; lastKnownFileType = folder.assetcatalog; path = Assets.xcassets; sourceTree = "<group>"; };
		E85D7D532C6A1B62002466CB /* Base */ = {isa = PBXFileReference; lastKnownFileType = file.storyboard; name = Base; path = Base.lproj/LaunchScreen.storyboard; sourceTree = "<group>"; };
		E85D7D552C6A1B62002466CB /* Info.plist */ = {isa = PBXFileReference; lastKnownFileType = text.plist.xml; path = Info.plist; sourceTree = "<group>"; };
		E85D7D5A2C6A1B62002466CB /* FirebaseUITestTests.xctest */ = {isa = PBXFileReference; explicitFileType = wrapper.cfbundle; includeInIndex = 0; path = FirebaseUITestTests.xctest; sourceTree = BUILT_PRODUCTS_DIR; };
		E85D7D5E2C6A1B62002466CB /* FirebaseUITestTests.swift */ = {isa = PBXFileReference; lastKnownFileType = sourcecode.swift; path = FirebaseUITestTests.swift; sourceTree = "<group>"; };
		E85D7D642C6A1B62002466CB /* FirebaseUITestUITests.xctest */ = {isa = PBXFileReference; explicitFileType = wrapper.cfbundle; includeInIndex = 0; path = FirebaseUITestUITests.xctest; sourceTree = BUILT_PRODUCTS_DIR; };
		E85D7D682C6A1B62002466CB /* FirebaseUITestUITests.swift */ = {isa = PBXFileReference; lastKnownFileType = sourcecode.swift; path = FirebaseUITestUITests.swift; sourceTree = "<group>"; };
		E85D7D6A2C6A1B62002466CB /* FirebaseUITestUITestsLaunchTests.swift */ = {isa = PBXFileReference; lastKnownFileType = sourcecode.swift; path = FirebaseUITestUITestsLaunchTests.swift; sourceTree = "<group>"; };
/* End PBXFileReference section */

/* Begin PBXFrameworksBuildPhase section */
		E85D7D412C6A1B61002466CB /* Frameworks */ = {
			isa = PBXFrameworksBuildPhase;
			buildActionMask = 2147483647;
			files = (
				E85D7D7E2C6A1BB2002466CB /* FirebaseEmailAuthUI in Frameworks */,
				E85D7D792C6A1B87002466CB /* FirebaseAuth in Frameworks */,
				E85D7D822C6A1BB2002466CB /* FirebaseOAuthUI in Frameworks */,
				E85D7D802C6A1BB2002466CB /* FirebaseGoogleAuthUI in Frameworks */,
				E85D7D7C2C6A1BB2002466CB /* FirebaseAuthUI in Frameworks */,
			);
			runOnlyForDeploymentPostprocessing = 0;
		};
		E85D7D572C6A1B62002466CB /* Frameworks */ = {
			isa = PBXFrameworksBuildPhase;
			buildActionMask = 2147483647;
			files = (
			);
			runOnlyForDeploymentPostprocessing = 0;
		};
		E85D7D612C6A1B62002466CB /* Frameworks */ = {
			isa = PBXFrameworksBuildPhase;
			buildActionMask = 2147483647;
			files = (
			);
			runOnlyForDeploymentPostprocessing = 0;
		};
/* End PBXFrameworksBuildPhase section */

/* Begin PBXGroup section */
		E85D7D3B2C6A1B61002466CB = {
			isa = PBXGroup;
			children = (
				E85D7D462C6A1B61002466CB /* FirebaseUITest */,
				E85D7D5D2C6A1B62002466CB /* FirebaseUITestTests */,
				E85D7D672C6A1B62002466CB /* FirebaseUITestUITests */,
				E85D7D452C6A1B61002466CB /* Products */,
				E85D7D832C6A1C5F002466CB /* Frameworks */,
			);
			sourceTree = "<group>";
		};
		E85D7D452C6A1B61002466CB /* Products */ = {
			isa = PBXGroup;
			children = (
				E85D7D442C6A1B61002466CB /* FirebaseUITest.app */,
				E85D7D5A2C6A1B62002466CB /* FirebaseUITestTests.xctest */,
				E85D7D642C6A1B62002466CB /* FirebaseUITestUITests.xctest */,
			);
			name = Products;
			sourceTree = "<group>";
		};
		E85D7D462C6A1B61002466CB /* FirebaseUITest */ = {
			isa = PBXGroup;
			children = (
				E85D7D472C6A1B61002466CB /* AppDelegate.swift */,
				E85D7D492C6A1B61002466CB /* SceneDelegate.swift */,
				E85D7D4B2C6A1B61002466CB /* ViewController.swift */,
				E85D7D4D2C6A1B61002466CB /* Main.storyboard */,
				E85D7D502C6A1B62002466CB /* Assets.xcassets */,
				E85D7D522C6A1B62002466CB /* LaunchScreen.storyboard */,
				E85D7D552C6A1B62002466CB /* Info.plist */,
			);
			path = FirebaseUITest;
			sourceTree = "<group>";
		};
		E85D7D5D2C6A1B62002466CB /* FirebaseUITestTests */ = {
			isa = PBXGroup;
			children = (
				E85D7D5E2C6A1B62002466CB /* FirebaseUITestTests.swift */,
			);
			path = FirebaseUITestTests;
			sourceTree = "<group>";
		};
		E85D7D672C6A1B62002466CB /* FirebaseUITestUITests */ = {
			isa = PBXGroup;
			children = (
				E85D7D682C6A1B62002466CB /* FirebaseUITestUITests.swift */,
				E85D7D6A2C6A1B62002466CB /* FirebaseUITestUITestsLaunchTests.swift */,
			);
			path = FirebaseUITestUITests;
			sourceTree = "<group>";
		};
		E85D7D832C6A1C5F002466CB /* Frameworks */ = {
			isa = PBXGroup;
			children = (
			);
			name = Frameworks;
			sourceTree = "<group>";
		};
/* End PBXGroup section */

/* Begin PBXNativeTarget section */
		E85D7D432C6A1B61002466CB /* FirebaseUITest */ = {
			isa = PBXNativeTarget;
			buildConfigurationList = E85D7D6E2C6A1B62002466CB /* Build configuration list for PBXNativeTarget "FirebaseUITest" */;
			buildPhases = (
				E85D7D402C6A1B61002466CB /* Sources */,
				E85D7D412C6A1B61002466CB /* Frameworks */,
				E85D7D422C6A1B61002466CB /* Resources */,
			);
			buildRules = (
			);
			dependencies = (
			);
			name = FirebaseUITest;
			packageProductDependencies = (
				E85D7D782C6A1B87002466CB /* FirebaseAuth */,
				E85D7D7B2C6A1BB2002466CB /* FirebaseAuthUI */,
				E85D7D7D2C6A1BB2002466CB /* FirebaseEmailAuthUI */,
				E85D7D7F2C6A1BB2002466CB /* FirebaseGoogleAuthUI */,
				E85D7D812C6A1BB2002466CB /* FirebaseOAuthUI */,
			);
			productName = FirebaseUITest;
			productReference = E85D7D442C6A1B61002466CB /* FirebaseUITest.app */;
			productType = "com.apple.product-type.application";
		};
		E85D7D592C6A1B62002466CB /* FirebaseUITestTests */ = {
			isa = PBXNativeTarget;
			buildConfigurationList = E85D7D712C6A1B62002466CB /* Build configuration list for PBXNativeTarget "FirebaseUITestTests" */;
			buildPhases = (
				E85D7D562C6A1B62002466CB /* Sources */,
				E85D7D572C6A1B62002466CB /* Frameworks */,
				E85D7D582C6A1B62002466CB /* Resources */,
			);
			buildRules = (
			);
			dependencies = (
				E85D7D5C2C6A1B62002466CB /* PBXTargetDependency */,
			);
			name = FirebaseUITestTests;
			productName = FirebaseUITestTests;
			productReference = E85D7D5A2C6A1B62002466CB /* FirebaseUITestTests.xctest */;
			productType = "com.apple.product-type.bundle.unit-test";
		};
		E85D7D632C6A1B62002466CB /* FirebaseUITestUITests */ = {
			isa = PBXNativeTarget;
			buildConfigurationList = E85D7D742C6A1B62002466CB /* Build configuration list for PBXNativeTarget "FirebaseUITestUITests" */;
			buildPhases = (
				E85D7D602C6A1B62002466CB /* Sources */,
				E85D7D612C6A1B62002466CB /* Frameworks */,
				E85D7D622C6A1B62002466CB /* Resources */,
			);
			buildRules = (
			);
			dependencies = (
				E85D7D662C6A1B62002466CB /* PBXTargetDependency */,
			);
			name = FirebaseUITestUITests;
			productName = FirebaseUITestUITests;
			productReference = E85D7D642C6A1B62002466CB /* FirebaseUITestUITests.xctest */;
			productType = "com.apple.product-type.bundle.ui-testing";
		};
/* End PBXNativeTarget section */

/* Begin PBXProject section */
		E85D7D3C2C6A1B61002466CB /* Project object */ = {
			isa = PBXProject;
			attributes = {
				BuildIndependentTargetsInParallel = 1;
				LastSwiftUpdateCheck = 1540;
				LastUpgradeCheck = 1540;
				TargetAttributes = {
					E85D7D432C6A1B61002466CB = {
						CreatedOnToolsVersion = 15.4;
					};
					E85D7D592C6A1B62002466CB = {
						CreatedOnToolsVersion = 15.4;
						TestTargetID = E85D7D432C6A1B61002466CB;
					};
					E85D7D632C6A1B62002466CB = {
						CreatedOnToolsVersion = 15.4;
						TestTargetID = E85D7D432C6A1B61002466CB;
					};
				};
			};
			buildConfigurationList = E85D7D3F2C6A1B61002466CB /* Build configuration list for PBXProject "FirebaseUITest" */;
			compatibilityVersion = "Xcode 14.0";
			developmentRegion = en;
			hasScannedForEncodings = 0;
			knownRegions = (
				en,
				Base,
			);
			mainGroup = E85D7D3B2C6A1B61002466CB;
			packageReferences = (
				E85D7D772C6A1B87002466CB /* XCRemoteSwiftPackageReference "firebase-ios-sdk" */,
				E85D7D7A2C6A1BB2002466CB /* XCRemoteSwiftPackageReference "FirebaseUI-iOS" */,
			);
			productRefGroup = E85D7D452C6A1B61002466CB /* Products */;
			projectDirPath = "";
			projectRoot = "";
			targets = (
				E85D7D432C6A1B61002466CB /* FirebaseUITest */,
				E85D7D592C6A1B62002466CB /* FirebaseUITestTests */,
				E85D7D632C6A1B62002466CB /* FirebaseUITestUITests */,
			);
		};
/* End PBXProject section */

/* Begin PBXResourcesBuildPhase section */
		E85D7D422C6A1B61002466CB /* Resources */ = {
			isa = PBXResourcesBuildPhase;
			buildActionMask = 2147483647;
			files = (
				E85D7D512C6A1B62002466CB /* Assets.xcassets in Resources */,
				E85D7D542C6A1B62002466CB /* Base in Resources */,
				E85D7D4F2C6A1B61002466CB /* Base in Resources */,
			);
			runOnlyForDeploymentPostprocessing = 0;
		};
		E85D7D582C6A1B62002466CB /* Resources */ = {
			isa = PBXResourcesBuildPhase;
			buildActionMask = 2147483647;
			files = (
			);
			runOnlyForDeploymentPostprocessing = 0;
		};
		E85D7D622C6A1B62002466CB /* Resources */ = {
			isa = PBXResourcesBuildPhase;
			buildActionMask = 2147483647;
			files = (
			);
			runOnlyForDeploymentPostprocessing = 0;
		};
/* End PBXResourcesBuildPhase section */

/* Begin PBXSourcesBuildPhase section */
		E85D7D402C6A1B61002466CB /* Sources */ = {
			isa = PBXSourcesBuildPhase;
			buildActionMask = 2147483647;
			files = (
				E85D7D4C2C6A1B61002466CB /* ViewController.swift in Sources */,
				E85D7D482C6A1B61002466CB /* AppDelegate.swift in Sources */,
				E85D7D4A2C6A1B61002466CB /* SceneDelegate.swift in Sources */,
			);
			runOnlyForDeploymentPostprocessing = 0;
		};
		E85D7D562C6A1B62002466CB /* Sources */ = {
			isa = PBXSourcesBuildPhase;
			buildActionMask = 2147483647;
			files = (
				E85D7D5F2C6A1B62002466CB /* FirebaseUITestTests.swift in Sources */,
			);
			runOnlyForDeploymentPostprocessing = 0;
		};
		E85D7D602C6A1B62002466CB /* Sources */ = {
			isa = PBXSourcesBuildPhase;
			buildActionMask = 2147483647;
			files = (
				E85D7D692C6A1B62002466CB /* FirebaseUITestUITests.swift in Sources */,
				E85D7D6B2C6A1B62002466CB /* FirebaseUITestUITestsLaunchTests.swift in Sources */,
			);
			runOnlyForDeploymentPostprocessing = 0;
		};
/* End PBXSourcesBuildPhase section */

/* Begin PBXTargetDependency section */
		E85D7D5C2C6A1B62002466CB /* PBXTargetDependency */ = {
			isa = PBXTargetDependency;
			target = E85D7D432C6A1B61002466CB /* FirebaseUITest */;
			targetProxy = E85D7D5B2C6A1B62002466CB /* PBXContainerItemProxy */;
		};
		E85D7D662C6A1B62002466CB /* PBXTargetDependency */ = {
			isa = PBXTargetDependency;
			target = E85D7D432C6A1B61002466CB /* FirebaseUITest */;
			targetProxy = E85D7D652C6A1B62002466CB /* PBXContainerItemProxy */;
		};
/* End PBXTargetDependency section */

/* Begin PBXVariantGroup section */
		E85D7D4D2C6A1B61002466CB /* Main.storyboard */ = {
			isa = PBXVariantGroup;
			children = (
				E85D7D4E2C6A1B61002466CB /* Base */,
			);
			name = Main.storyboard;
			sourceTree = "<group>";
		};
		E85D7D522C6A1B62002466CB /* LaunchScreen.storyboard */ = {
			isa = PBXVariantGroup;
			children = (
				E85D7D532C6A1B62002466CB /* Base */,
			);
			name = LaunchScreen.storyboard;
			sourceTree = "<group>";
		};
/* End PBXVariantGroup section */

/* Begin XCBuildConfiguration section */
		E85D7D6C2C6A1B62002466CB /* Debug */ = {
			isa = XCBuildConfiguration;
			buildSettings = {
				ALWAYS_SEARCH_USER_PATHS = NO;
				ASSETCATALOG_COMPILER_GENERATE_SWIFT_ASSET_SYMBOL_EXTENSIONS = YES;
				CLANG_ANALYZER_NONNULL = YES;
				CLANG_ANALYZER_NUMBER_OBJECT_CONVERSION = YES_AGGRESSIVE;
				CLANG_CXX_LANGUAGE_STANDARD = "gnu++20";
				CLANG_ENABLE_MODULES = YES;
				CLANG_ENABLE_OBJC_ARC = YES;
				CLANG_ENABLE_OBJC_WEAK = YES;
				CLANG_WARN_BLOCK_CAPTURE_AUTORELEASING = YES;
				CLANG_WARN_BOOL_CONVERSION = YES;
				CLANG_WARN_COMMA = YES;
				CLANG_WARN_CONSTANT_CONVERSION = YES;
				CLANG_WARN_DEPRECATED_OBJC_IMPLEMENTATIONS = YES;
				CLANG_WARN_DIRECT_OBJC_ISA_USAGE = YES_ERROR;
				CLANG_WARN_DOCUMENTATION_COMMENTS = YES;
				CLANG_WARN_EMPTY_BODY = YES;
				CLANG_WARN_ENUM_CONVERSION = YES;
				CLANG_WARN_INFINITE_RECURSION = YES;
				CLANG_WARN_INT_CONVERSION = YES;
				CLANG_WARN_NON_LITERAL_NULL_CONVERSION = YES;
				CLANG_WARN_OBJC_IMPLICIT_RETAIN_SELF = YES;
				CLANG_WARN_OBJC_LITERAL_CONVERSION = YES;
				CLANG_WARN_OBJC_ROOT_CLASS = YES_ERROR;
				CLANG_WARN_QUOTED_INCLUDE_IN_FRAMEWORK_HEADER = YES;
				CLANG_WARN_RANGE_LOOP_ANALYSIS = YES;
				CLANG_WARN_STRICT_PROTOTYPES = YES;
				CLANG_WARN_SUSPICIOUS_MOVE = YES;
				CLANG_WARN_UNGUARDED_AVAILABILITY = YES_AGGRESSIVE;
				CLANG_WARN_UNREACHABLE_CODE = YES;
				CLANG_WARN__DUPLICATE_METHOD_MATCH = YES;
				COPY_PHASE_STRIP = NO;
				DEBUG_INFORMATION_FORMAT = dwarf;
				ENABLE_STRICT_OBJC_MSGSEND = YES;
				ENABLE_TESTABILITY = YES;
				ENABLE_USER_SCRIPT_SANDBOXING = YES;
				GCC_C_LANGUAGE_STANDARD = gnu17;
				GCC_DYNAMIC_NO_PIC = NO;
				GCC_NO_COMMON_BLOCKS = YES;
				GCC_OPTIMIZATION_LEVEL = 0;
				GCC_PREPROCESSOR_DEFINITIONS = (
					"DEBUG=1",
					"$(inherited)",
				);
				GCC_WARN_64_TO_32_BIT_CONVERSION = YES;
				GCC_WARN_ABOUT_RETURN_TYPE = YES_ERROR;
				GCC_WARN_UNDECLARED_SELECTOR = YES;
				GCC_WARN_UNINITIALIZED_AUTOS = YES_AGGRESSIVE;
				GCC_WARN_UNUSED_FUNCTION = YES;
				GCC_WARN_UNUSED_VARIABLE = YES;
				IPHONEOS_DEPLOYMENT_TARGET = 17.5;
				LOCALIZATION_PREFERS_STRING_CATALOGS = YES;
				MTL_ENABLE_DEBUG_INFO = INCLUDE_SOURCE;
				MTL_FAST_MATH = YES;
				ONLY_ACTIVE_ARCH = YES;
				SDKROOT = iphoneos;
				SWIFT_ACTIVE_COMPILATION_CONDITIONS = "DEBUG $(inherited)";
				SWIFT_OPTIMIZATION_LEVEL = "-Onone";
			};
			name = Debug;
		};
		E85D7D6D2C6A1B62002466CB /* Release */ = {
			isa = XCBuildConfiguration;
			buildSettings = {
				ALWAYS_SEARCH_USER_PATHS = NO;
				ASSETCATALOG_COMPILER_GENERATE_SWIFT_ASSET_SYMBOL_EXTENSIONS = YES;
				CLANG_ANALYZER_NONNULL = YES;
				CLANG_ANALYZER_NUMBER_OBJECT_CONVERSION = YES_AGGRESSIVE;
				CLANG_CXX_LANGUAGE_STANDARD = "gnu++20";
				CLANG_ENABLE_MODULES = YES;
				CLANG_ENABLE_OBJC_ARC = YES;
				CLANG_ENABLE_OBJC_WEAK = YES;
				CLANG_WARN_BLOCK_CAPTURE_AUTORELEASING = YES;
				CLANG_WARN_BOOL_CONVERSION = YES;
				CLANG_WARN_COMMA = YES;
				CLANG_WARN_CONSTANT_CONVERSION = YES;
				CLANG_WARN_DEPRECATED_OBJC_IMPLEMENTATIONS = YES;
				CLANG_WARN_DIRECT_OBJC_ISA_USAGE = YES_ERROR;
				CLANG_WARN_DOCUMENTATION_COMMENTS = YES;
				CLANG_WARN_EMPTY_BODY = YES;
				CLANG_WARN_ENUM_CONVERSION = YES;
				CLANG_WARN_INFINITE_RECURSION = YES;
				CLANG_WARN_INT_CONVERSION = YES;
				CLANG_WARN_NON_LITERAL_NULL_CONVERSION = YES;
				CLANG_WARN_OBJC_IMPLICIT_RETAIN_SELF = YES;
				CLANG_WARN_OBJC_LITERAL_CONVERSION = YES;
				CLANG_WARN_OBJC_ROOT_CLASS = YES_ERROR;
				CLANG_WARN_QUOTED_INCLUDE_IN_FRAMEWORK_HEADER = YES;
				CLANG_WARN_RANGE_LOOP_ANALYSIS = YES;
				CLANG_WARN_STRICT_PROTOTYPES = YES;
				CLANG_WARN_SUSPICIOUS_MOVE = YES;
				CLANG_WARN_UNGUARDED_AVAILABILITY = YES_AGGRESSIVE;
				CLANG_WARN_UNREACHABLE_CODE = YES;
				CLANG_WARN__DUPLICATE_METHOD_MATCH = YES;
				COPY_PHASE_STRIP = NO;
				DEBUG_INFORMATION_FORMAT = "dwarf-with-dsym";
				ENABLE_NS_ASSERTIONS = NO;
				ENABLE_STRICT_OBJC_MSGSEND = YES;
				ENABLE_USER_SCRIPT_SANDBOXING = YES;
				GCC_C_LANGUAGE_STANDARD = gnu17;
				GCC_NO_COMMON_BLOCKS = YES;
				GCC_WARN_64_TO_32_BIT_CONVERSION = YES;
				GCC_WARN_ABOUT_RETURN_TYPE = YES_ERROR;
				GCC_WARN_UNDECLARED_SELECTOR = YES;
				GCC_WARN_UNINITIALIZED_AUTOS = YES_AGGRESSIVE;
				GCC_WARN_UNUSED_FUNCTION = YES;
				GCC_WARN_UNUSED_VARIABLE = YES;
				IPHONEOS_DEPLOYMENT_TARGET = 17.5;
				LOCALIZATION_PREFERS_STRING_CATALOGS = YES;
				MTL_ENABLE_DEBUG_INFO = NO;
				MTL_FAST_MATH = YES;
				SDKROOT = iphoneos;
				SWIFT_COMPILATION_MODE = wholemodule;
				VALIDATE_PRODUCT = YES;
			};
			name = Release;
		};
		E85D7D6F2C6A1B62002466CB /* Debug */ = {
			isa = XCBuildConfiguration;
			buildSettings = {
				ASSETCATALOG_COMPILER_APPICON_NAME = AppIcon;
				ASSETCATALOG_COMPILER_GLOBAL_ACCENT_COLOR_NAME = AccentColor;
				CODE_SIGN_STYLE = Automatic;
				CURRENT_PROJECT_VERSION = 1;
				DEVELOPMENT_TEAM = KBFLPWZBLT;
				GENERATE_INFOPLIST_FILE = YES;
				INFOPLIST_FILE = FirebaseUITest/Info.plist;
				INFOPLIST_KEY_UIApplicationSupportsIndirectInputEvents = YES;
				INFOPLIST_KEY_UILaunchStoryboardName = LaunchScreen;
				INFOPLIST_KEY_UIMainStoryboardFile = Main;
				INFOPLIST_KEY_UISupportedInterfaceOrientations_iPad = "UIInterfaceOrientationPortrait UIInterfaceOrientationPortraitUpsideDown UIInterfaceOrientationLandscapeLeft UIInterfaceOrientationLandscapeRight";
				INFOPLIST_KEY_UISupportedInterfaceOrientations_iPhone = "UIInterfaceOrientationPortrait UIInterfaceOrientationLandscapeLeft UIInterfaceOrientationLandscapeRight";
				LD_RUNPATH_SEARCH_PATHS = (
					"$(inherited)",
					"@executable_path/Frameworks",
				);
				MARKETING_VERSION = 1.0;
				PRODUCT_BUNDLE_IDENTIFIER = com.minimaleyes.FirebaseUITest;
				PRODUCT_NAME = "$(TARGET_NAME)";
				SWIFT_EMIT_LOC_STRINGS = YES;
				SWIFT_VERSION = 5.0;
				TARGETED_DEVICE_FAMILY = "1,2";
			};
			name = Debug;
		};
		E85D7D702C6A1B62002466CB /* Release */ = {
			isa = XCBuildConfiguration;
			buildSettings = {
				ASSETCATALOG_COMPILER_APPICON_NAME = AppIcon;
				ASSETCATALOG_COMPILER_GLOBAL_ACCENT_COLOR_NAME = AccentColor;
				CODE_SIGN_STYLE = Automatic;
				CURRENT_PROJECT_VERSION = 1;
				DEVELOPMENT_TEAM = KBFLPWZBLT;
				GENERATE_INFOPLIST_FILE = YES;
				INFOPLIST_FILE = FirebaseUITest/Info.plist;
				INFOPLIST_KEY_UIApplicationSupportsIndirectInputEvents = YES;
				INFOPLIST_KEY_UILaunchStoryboardName = LaunchScreen;
				INFOPLIST_KEY_UIMainStoryboardFile = Main;
				INFOPLIST_KEY_UISupportedInterfaceOrientations_iPad = "UIInterfaceOrientationPortrait UIInterfaceOrientationPortraitUpsideDown UIInterfaceOrientationLandscapeLeft UIInterfaceOrientationLandscapeRight";
				INFOPLIST_KEY_UISupportedInterfaceOrientations_iPhone = "UIInterfaceOrientationPortrait UIInterfaceOrientationLandscapeLeft UIInterfaceOrientationLandscapeRight";
				LD_RUNPATH_SEARCH_PATHS = (
					"$(inherited)",
					"@executable_path/Frameworks",
				);
				MARKETING_VERSION = 1.0;
				PRODUCT_BUNDLE_IDENTIFIER = com.minimaleyes.FirebaseUITest;
				PRODUCT_NAME = "$(TARGET_NAME)";
				SWIFT_EMIT_LOC_STRINGS = YES;
				SWIFT_VERSION = 5.0;
				TARGETED_DEVICE_FAMILY = "1,2";
			};
			name = Release;
		};
		E85D7D722C6A1B62002466CB /* Debug */ = {
			isa = XCBuildConfiguration;
			buildSettings = {
				ALWAYS_EMBED_SWIFT_STANDARD_LIBRARIES = YES;
				BUNDLE_LOADER = "$(TEST_HOST)";
				CODE_SIGN_STYLE = Automatic;
				CURRENT_PROJECT_VERSION = 1;
				DEVELOPMENT_TEAM = KBFLPWZBLT;
				GENERATE_INFOPLIST_FILE = YES;
				IPHONEOS_DEPLOYMENT_TARGET = 17.5;
				MARKETING_VERSION = 1.0;
				PRODUCT_BUNDLE_IDENTIFIER = com.minimaleyes.FirebaseUITestTests;
				PRODUCT_NAME = "$(TARGET_NAME)";
				SWIFT_EMIT_LOC_STRINGS = NO;
				SWIFT_VERSION = 5.0;
				TARGETED_DEVICE_FAMILY = "1,2";
				TEST_HOST = "$(BUILT_PRODUCTS_DIR)/FirebaseUITest.app/$(BUNDLE_EXECUTABLE_FOLDER_PATH)/FirebaseUITest";
			};
			name = Debug;
		};
		E85D7D732C6A1B62002466CB /* Release */ = {
			isa = XCBuildConfiguration;
			buildSettings = {
				ALWAYS_EMBED_SWIFT_STANDARD_LIBRARIES = YES;
				BUNDLE_LOADER = "$(TEST_HOST)";
				CODE_SIGN_STYLE = Automatic;
				CURRENT_PROJECT_VERSION = 1;
				DEVELOPMENT_TEAM = KBFLPWZBLT;
				GENERATE_INFOPLIST_FILE = YES;
				IPHONEOS_DEPLOYMENT_TARGET = 17.5;
				MARKETING_VERSION = 1.0;
				PRODUCT_BUNDLE_IDENTIFIER = com.minimaleyes.FirebaseUITestTests;
				PRODUCT_NAME = "$(TARGET_NAME)";
				SWIFT_EMIT_LOC_STRINGS = NO;
				SWIFT_VERSION = 5.0;
				TARGETED_DEVICE_FAMILY = "1,2";
				TEST_HOST = "$(BUILT_PRODUCTS_DIR)/FirebaseUITest.app/$(BUNDLE_EXECUTABLE_FOLDER_PATH)/FirebaseUITest";
			};
			name = Release;
		};
		E85D7D752C6A1B62002466CB /* Debug */ = {
			isa = XCBuildConfiguration;
			buildSettings = {
				ALWAYS_EMBED_SWIFT_STANDARD_LIBRARIES = YES;
				CODE_SIGN_STYLE = Automatic;
				CURRENT_PROJECT_VERSION = 1;
				DEVELOPMENT_TEAM = KBFLPWZBLT;
				GENERATE_INFOPLIST_FILE = YES;
				MARKETING_VERSION = 1.0;
				PRODUCT_BUNDLE_IDENTIFIER = com.minimaleyes.FirebaseUITestUITests;
				PRODUCT_NAME = "$(TARGET_NAME)";
				SWIFT_EMIT_LOC_STRINGS = NO;
				SWIFT_VERSION = 5.0;
				TARGETED_DEVICE_FAMILY = "1,2";
				TEST_TARGET_NAME = FirebaseUITest;
			};
			name = Debug;
		};
		E85D7D762C6A1B62002466CB /* Release */ = {
			isa = XCBuildConfiguration;
			buildSettings = {
				ALWAYS_EMBED_SWIFT_STANDARD_LIBRARIES = YES;
				CODE_SIGN_STYLE = Automatic;
				CURRENT_PROJECT_VERSION = 1;
				DEVELOPMENT_TEAM = KBFLPWZBLT;
				GENERATE_INFOPLIST_FILE = YES;
				MARKETING_VERSION = 1.0;
				PRODUCT_BUNDLE_IDENTIFIER = com.minimaleyes.FirebaseUITestUITests;
				PRODUCT_NAME = "$(TARGET_NAME)";
				SWIFT_EMIT_LOC_STRINGS = NO;
				SWIFT_VERSION = 5.0;
				TARGETED_DEVICE_FAMILY = "1,2";
				TEST_TARGET_NAME = FirebaseUITest;
			};
			name = Release;
		};
/* End XCBuildConfiguration section */

/* Begin XCConfigurationList section */
		E85D7D3F2C6A1B61002466CB /* Build configuration list for PBXProject "FirebaseUITest" */ = {
			isa = XCConfigurationList;
			buildConfigurations = (
				E85D7D6C2C6A1B62002466CB /* Debug */,
				E85D7D6D2C6A1B62002466CB /* Release */,
			);
			defaultConfigurationIsVisible = 0;
			defaultConfigurationName = Release;
		};
		E85D7D6E2C6A1B62002466CB /* Build configuration list for PBXNativeTarget "FirebaseUITest" */ = {
			isa = XCConfigurationList;
			buildConfigurations = (
				E85D7D6F2C6A1B62002466CB /* Debug */,
				E85D7D702C6A1B62002466CB /* Release */,
			);
			defaultConfigurationIsVisible = 0;
			defaultConfigurationName = Release;
		};
		E85D7D712C6A1B62002466CB /* Build configuration list for PBXNativeTarget "FirebaseUITestTests" */ = {
			isa = XCConfigurationList;
			buildConfigurations = (
				E85D7D722C6A1B62002466CB /* Debug */,
				E85D7D732C6A1B62002466CB /* Release */,
			);
			defaultConfigurationIsVisible = 0;
			defaultConfigurationName = Release;
		};
		E85D7D742C6A1B62002466CB /* Build configuration list for PBXNativeTarget "FirebaseUITestUITests" */ = {
			isa = XCConfigurationList;
			buildConfigurations = (
				E85D7D752C6A1B62002466CB /* Debug */,
				E85D7D762C6A1B62002466CB /* Release */,
			);
			defaultConfigurationIsVisible = 0;
			defaultConfigurationName = Release;
		};
/* End XCConfigurationList section */

/* Begin XCRemoteSwiftPackageReference section */
		E85D7D772C6A1B87002466CB /* XCRemoteSwiftPackageReference "firebase-ios-sdk" */ = {
			isa = XCRemoteSwiftPackageReference;
			repositoryURL = "https://github.com/firebase/firebase-ios-sdk";
			requirement = {
				kind = upToNextMajorVersion;
				minimumVersion = 11.0.0;
			};
		};
		E85D7D7A2C6A1BB2002466CB /* XCRemoteSwiftPackageReference "FirebaseUI-iOS" */ = {
			isa = XCRemoteSwiftPackageReference;
			repositoryURL = "https://github.com/firebase/FirebaseUI-iOS.git";
			requirement = {
				kind = upToNextMajorVersion;
				minimumVersion = 14.2.0;
			};
		};
/* End XCRemoteSwiftPackageReference section */

/* Begin XCSwiftPackageProductDependency section */
		E85D7D782C6A1B87002466CB /* FirebaseAuth */ = {
			isa = XCSwiftPackageProductDependency;
			package = E85D7D772C6A1B87002466CB /* XCRemoteSwiftPackageReference "firebase-ios-sdk" */;
			productName = FirebaseAuth;
		};
		E85D7D7B2C6A1BB2002466CB /* FirebaseAuthUI */ = {
			isa = XCSwiftPackageProductDependency;
			package = E85D7D7A2C6A1BB2002466CB /* XCRemoteSwiftPackageReference "FirebaseUI-iOS" */;
			productName = FirebaseAuthUI;
		};
		E85D7D7D2C6A1BB2002466CB /* FirebaseEmailAuthUI */ = {
			isa = XCSwiftPackageProductDependency;
			package = E85D7D7A2C6A1BB2002466CB /* XCRemoteSwiftPackageReference "FirebaseUI-iOS" */;
			productName = FirebaseEmailAuthUI;
		};
		E85D7D7F2C6A1BB2002466CB /* FirebaseGoogleAuthUI */ = {
			isa = XCSwiftPackageProductDependency;
			package = E85D7D7A2C6A1BB2002466CB /* XCRemoteSwiftPackageReference "FirebaseUI-iOS" */;
			productName = FirebaseGoogleAuthUI;
		};
		E85D7D812C6A1BB2002466CB /* FirebaseOAuthUI */ = {
			isa = XCSwiftPackageProductDependency;
			package = E85D7D7A2C6A1BB2002466CB /* XCRemoteSwiftPackageReference "FirebaseUI-iOS" */;
			productName = FirebaseOAuthUI;
		};
/* End XCSwiftPackageProductDependency section */
	};
	rootObject = E85D7D3C2C6A1B61002466CB /* Project object */;
}
